
Microsoft Visual Studio Solution File, Format Version 12.00
Project("{FAE04EC0-301F-11D3-BF4B-00C04F79EFBC}") = "NN_MNIST", "NN_MNIST.csproj", "{480815FA-2CAA-4800-B262-3D0F0CA73B4C}"
EndProject
Global
	GlobalSection(SolutionConfigurationPlatforms) = preSolution
		Debug|Any CPU = Debug|Any CPU
		Release|Any CPU = Release|Any CPU
	EndGlobalSection
	GlobalSection(ProjectConfigurationPlatforms) = postSolution
		{480815FA-2CAA-4800-B262-3D0F0CA73B4C}.Debug|Any CPU.ActiveCfg = Debug|Any CPU
		{480815FA-2CAA-4800-B262-3D0F0CA73B4C}.Debug|Any CPU.Build.0 = Debug|Any CPU
		{480815FA-2CAA-4800-B262-3D0F0CA73B4C}.Release|Any CPU.ActiveCfg = Release|Any CPU
		{480815FA-2CAA-4800-B262-3D0F0CA73B4C}.Release|Any CPU.Build.0 = Release|Any CPU
	EndGlobalSection
EndGlobal
